
Microsoft Visual Studio Solution File, Format Version 12.00
# Visual Studio 15
Project("{2150E333-8FDC-42A3-9474-1A3956D46DE8}") = "libs", "libs", "{7E848E0B-EA98-B6BC-B31A-5A1C1FEEB2ED}"
EndProject
Project("{8BC9CEB8-8B4A-11D0-8D11-00A0C91BC942}") = "gn_wrapper", "gn_wrapper.vcxproj", "{1AC42D69-067C-6FB6-6F83-48125B5A0AA7}"
EndProject
Global
	GlobalSection(SolutionConfigurationPlatforms) = preSolution
		Debug|Win32 = Debug|Win32
		Debug|x64 = Debug|x64
		Release|Win32 = Release|Win32
		Release|x64 = Release|x64
	EndGlobalSection
	GlobalSection(ProjectConfigurationPlatforms) = postSolution
		{1AC42D69-067C-6FB6-6F83-48125B5A0AA7}.Debug|Win32.ActiveCfg = Debug|Win32
		{1AC42D69-067C-6FB6-6F83-48125B5A0AA7}.Debug|Win32.Build.0 = Debug|Win32
		{1AC42D69-067C-6FB6-6F83-48125B5A0AA7}.Debug|x64.ActiveCfg = Debug|x64
		{1AC42D69-067C-6FB6-6F83-48125B5A0AA7}.Debug|x64.Build.0 = Debug|x64
		{1AC42D69-067C-6FB6-6F83-48125B5A0AA7}.Release|Win32.ActiveCfg = Release|Win32
		{1AC42D69-067C-6FB6-6F83-48125B5A0AA7}.Release|Win32.Build.0 = Release|Win32
		{1AC42D69-067C-6FB6-6F83-48125B5A0AA7}.Release|x64.ActiveCfg = Release|x64
		{1AC42D69-067C-6FB6-6F83-48125B5A0AA7}.Release|x64.Build.0 = Release|x64
	EndGlobalSection
	GlobalSection(SolutionProperties) = preSolution
		HideSolutionNode = FALSE
	EndGlobalSection
	GlobalSection(NestedProjects) = preSolution
		{1AC42D69-067C-6FB6-6F83-48125B5A0AA7} = {7E848E0B-EA98-B6BC-B31A-5A1C1FEEB2ED}
	EndGlobalSection
EndGlobal
